// !$*UTF8*$!
{
	archiveVersion = 1;
	classes = {
	};
	objectVersion = 77;
	objects = {

/* Begin PBXBuildFile section */
		078DAEFF0953375976F14F2F /* IMPlatformType.swift in Sources */ = {isa = PBXBuildFile; fileRef = 69FCBD63634BCA0A734864AA /* IMPlatformType.swift */; };
		1D32192C70FF46ACAF2292BF /* AIIntegrationService.swift in Sources */ = {isa = PBXBuildFile; fileRef = DB15D7A0FE174C96D61B3BAC /* AIIntegrationService.swift */; };
		1E51292A5FF8167DBBE16ABE /* PermissionCoordinator.swift in Sources */ = {isa = PBXBuildFile; fileRef = BE331A68595D1F31CB58B68D /* PermissionCoordinator.swift */; };
		42138DCFB33E3B491FDE9A82 /* AIToolType.swift in Sources */ = {isa = PBXBuildFile; fileRef = 816E1AB43C8AD1B477267F87 /* AIToolType.swift */; };
		704C4D799F2B715C647E5B40 /* KaraApp.swift in Sources */ = {isa = PBXBuildFile; fileRef = 288866FDD76974B0E59BC61D /* KaraApp.swift */; };
		71F53E66D12771912636BE41 /* CursorCompanionController.swift in Sources */ = {isa = PBXBuildFile; fileRef = 01640ED06FE3645EFADB413D /* CursorCompanionController.swift */; };
		7456E04FF44ACD87355A9B0F /* WChatClawSwift in Frameworks */ = {isa = PBXBuildFile; productRef = CE0ABD2BCAA055698B641876 /* WChatClawSwift */; };
		74944D25BAA6E44748A4D842 /* SettingsPanelView.swift in Sources */ = {isa = PBXBuildFile; fileRef = F0A59F6CEDD0766080900C55 /* SettingsPanelView.swift */; };
		A1F17978A9D5B913B473EFC0 /* CursorCompanionView.swift in Sources */ = {isa = PBXBuildFile; fileRef = 759BEBDF30BA51B21F002328 /* CursorCompanionView.swift */; };
		C78488DEE0111B61B2030337 /* SpeechTranscriptionService.swift in Sources */ = {isa = PBXBuildFile; fileRef = F5606619B54A8DBB3EE1BBE3 /* SpeechTranscriptionService.swift */; };
		C918AF5A47B701F2C710E63F /* Assets.xcassets in Resources */ = {isa = PBXBuildFile; fileRef = AFA6EBD546DEDD0A8783428B /* Assets.xcassets */; };
		CD8B2DCC89AAB62C74FF077B /* AIHotkeyController.swift in Sources */ = {isa = PBXBuildFile; fileRef = CF495DB9BB709363C41302C0 /* AIHotkeyController.swift */; };
		D0AF4829925B6A1B6E105783 /* CursorCompanionModel.swift in Sources */ = {isa = PBXBuildFile; fileRef = 016C9B6CA96B216F469EDE2F /* CursorCompanionModel.swift */; };
		DCDD5A94DF2C73312B61B159 /* IMChannelService.swift in Sources */ = {isa = PBXBuildFile; fileRef = 4EC0324CECC75DEE42DC05DD /* IMChannelService.swift */; };
		FC9CD0877A76018B86D424FB /* ScheduledTaskService.swift in Sources */ = {isa = PBXBuildFile; fileRef = 4D3A35B1E23F7005B78572F9 /* ScheduledTaskService.swift */; };
/* End PBXBuildFile section */

/* Begin PBXFileReference section */
		01640ED06FE3645EFADB413D /* CursorCompanionController.swift */ = {isa = PBXFileReference; lastKnownFileType = sourcecode.swift; path = CursorCompanionController.swift; sourceTree = "<group>"; };
		016C9B6CA96B216F469EDE2F /* CursorCompanionModel.swift */ = {isa = PBXFileReference; lastKnownFileType = sourcecode.swift; path = CursorCompanionModel.swift; sourceTree = "<group>"; };
		1537E6235899A2BA874918A5 /* Kara.app */ = {isa = PBXFileReference; explicitFileType = wrapper.application; includeInIndex = 0; path = Kara.app; sourceTree = BUILT_PRODUCTS_DIR; };
		288866FDD76974B0E59BC61D /* KaraApp.swift */ = {isa = PBXFileReference; lastKnownFileType = sourcecode.swift; path = KaraApp.swift; sourceTree = "<group>"; };
		4D3A35B1E23F7005B78572F9 /* ScheduledTaskService.swift */ = {isa = PBXFileReference; lastKnownFileType = sourcecode.swift; path = ScheduledTaskService.swift; sourceTree = "<group>"; };
		4EC0324CECC75DEE42DC05DD /* IMChannelService.swift */ = {isa = PBXFileReference; lastKnownFileType = sourcecode.swift; path = IMChannelService.swift; sourceTree = "<group>"; };
		67D64C4053C8DF42CF35AC6D /* Kara.entitlements */ = {isa = PBXFileReference; lastKnownFileType = text.plist.entitlements; path = Kara.entitlements; sourceTree = "<group>"; };
		69FCBD63634BCA0A734864AA /* IMPlatformType.swift */ = {isa = PBXFileReference; lastKnownFileType = sourcecode.swift; path = IMPlatformType.swift; sourceTree = "<group>"; };
		7080B46EE0F6376BC8B4C186 /* Info.plist */ = {isa = PBXFileReference; lastKnownFileType = text.plist; path = Info.plist; sourceTree = "<group>"; };
		759BEBDF30BA51B21F002328 /* CursorCompanionView.swift */ = {isa = PBXFileReference; lastKnownFileType = sourcecode.swift; path = CursorCompanionView.swift; sourceTree = "<group>"; };
		816E1AB43C8AD1B477267F87 /* AIToolType.swift */ = {isa = PBXFileReference; lastKnownFileType = sourcecode.swift; path = AIToolType.swift; sourceTree = "<group>"; };
		AFA6EBD546DEDD0A8783428B /* Assets.xcassets */ = {isa = PBXFileReference; lastKnownFileType = folder.assetcatalog; path = Assets.xcassets; sourceTree = "<group>"; };
		BE331A68595D1F31CB58B68D /* PermissionCoordinator.swift */ = {isa = PBXFileReference; lastKnownFileType = sourcecode.swift; path = PermissionCoordinator.swift; sourceTree = "<group>"; };
		CF495DB9BB709363C41302C0 /* AIHotkeyController.swift */ = {isa = PBXFileReference; lastKnownFileType = sourcecode.swift; path = AIHotkeyController.swift; sourceTree = "<group>"; };
		DB15D7A0FE174C96D61B3BAC /* AIIntegrationService.swift */ = {isa = PBXFileReference; lastKnownFileType = sourcecode.swift; path = AIIntegrationService.swift; sourceTree = "<group>"; };
		F0A59F6CEDD0766080900C55 /* SettingsPanelView.swift */ = {isa = PBXFileReference; lastKnownFileType = sourcecode.swift; path = SettingsPanelView.swift; sourceTree = "<group>"; };
		F5606619B54A8DBB3EE1BBE3 /* SpeechTranscriptionService.swift */ = {isa = PBXFileReference; lastKnownFileType = sourcecode.swift; path = SpeechTranscriptionService.swift; sourceTree = "<group>"; };
/* End PBXFileReference section */

/* Begin PBXFrameworksBuildPhase section */
		DC6AA84F30D3AACE9AD90432 /* Frameworks */ = {
			isa = PBXFrameworksBuildPhase;
			buildActionMask = 2147483647;
			files = (
				7456E04FF44ACD87355A9B0F /* WChatClawSwift in Frameworks */,
			);
			runOnlyForDeploymentPostprocessing = 0;
		};
/* End PBXFrameworksBuildPhase section */

/* Begin PBXGroup section */
		0BE3A1CBDAC093C9E4FEE523 /* ScheduledTasks */ = {
			isa = PBXGroup;
			children = (
				4D3A35B1E23F7005B78572F9 /* ScheduledTaskService.swift */,
			);
			path = ScheduledTasks;
			sourceTree = "<group>";
		};
		2EEB4CE49A033C44C60F31A6 /* Services */ = {
			isa = PBXGroup;
			children = (
				F5606619B54A8DBB3EE1BBE3 /* SpeechTranscriptionService.swift */,
			);
			path = Services;
			sourceTree = "<group>";
		};
		45F8464E9AE069D9058FAD1F /* Features */ = {
			isa = PBXGroup;
			children = (
				849C93D724883524F41B8F2C /* AIIntegration */,
				64A0A5CA82B0E727DCB5FA23 /* CursorCompanion */,
				A57CF7669269BEC2491A3DF8 /* IMChannel */,
				0BE3A1CBDAC093C9E4FEE523 /* ScheduledTasks */,
				9E1ACE9C4B90FA5885280514 /* Settings */,
			);
			path = Features;
			sourceTree = "<group>";
		};
		64A0A5CA82B0E727DCB5FA23 /* CursorCompanion */ = {
			isa = PBXGroup;
			children = (
				01640ED06FE3645EFADB413D /* CursorCompanionController.swift */,
				016C9B6CA96B216F469EDE2F /* CursorCompanionModel.swift */,
				759BEBDF30BA51B21F002328 /* CursorCompanionView.swift */,
			);
			path = CursorCompanion;
			sourceTree = "<group>";
		};
		849C93D724883524F41B8F2C /* AIIntegration */ = {
			isa = PBXGroup;
			children = (
				CF495DB9BB709363C41302C0 /* AIHotkeyController.swift */,
				DB15D7A0FE174C96D61B3BAC /* AIIntegrationService.swift */,
				816E1AB43C8AD1B477267F87 /* AIToolType.swift */,
			);
			path = AIIntegration;
			sourceTree = "<group>";
		};
		9E1ACE9C4B90FA5885280514 /* Settings */ = {
			isa = PBXGroup;
			children = (
				F0A59F6CEDD0766080900C55 /* SettingsPanelView.swift */,
			);
			path = Settings;
			sourceTree = "<group>";
		};
		A57CF7669269BEC2491A3DF8 /* IMChannel */ = {
			isa = PBXGroup;
			children = (
				4EC0324CECC75DEE42DC05DD /* IMChannelService.swift */,
				69FCBD63634BCA0A734864AA /* IMPlatformType.swift */,
			);
			path = IMChannel;
			sourceTree = "<group>";
		};
		B60D02519B4010321E6C66CA /* Products */ = {
			isa = PBXGroup;
			children = (
				1537E6235899A2BA874918A5 /* Kara.app */,
			);
			name = Products;
			sourceTree = "<group>";
		};
		B6C1A5FB66864A77E6034A87 /* Kara */ = {
			isa = PBXGroup;
			children = (
				AFA6EBD546DEDD0A8783428B /* Assets.xcassets */,
				E6E1A391A1130BFF51FB33B3 /* App */,
				45F8464E9AE069D9058FAD1F /* Features */,
				2EEB4CE49A033C44C60F31A6 /* Services */,
				E6E49074235BC55A12B6A0FD /* Supporting */,
			);
			path = Kara;
			sourceTree = "<group>";
		};
		E29E3F595D569019C9FF61A5 = {
			isa = PBXGroup;
			children = (
				B6C1A5FB66864A77E6034A87 /* Kara */,
				B60D02519B4010321E6C66CA /* Products */,
			);
			sourceTree = "<group>";
		};
		E6E1A391A1130BFF51FB33B3 /* App */ = {
			isa = PBXGroup;
			children = (
				288866FDD76974B0E59BC61D /* KaraApp.swift */,
				BE331A68595D1F31CB58B68D /* PermissionCoordinator.swift */,
			);
			path = App;
			sourceTree = "<group>";
		};
		E6E49074235BC55A12B6A0FD /* Supporting */ = {
			isa = PBXGroup;
			children = (
				7080B46EE0F6376BC8B4C186 /* Info.plist */,
				67D64C4053C8DF42CF35AC6D /* Kara.entitlements */,
			);
			path = Supporting;
			sourceTree = "<group>";
		};
/* End PBXGroup section */

/* Begin PBXNativeTarget section */
		AC96B7D177B7EEC4EEBF5002 /* Kara */ = {
			isa = PBXNativeTarget;
			buildConfigurationList = 1AB9B814C1B6458097788CC2 /* Build configuration list for PBXNativeTarget "Kara" */;
			buildPhases = (
				0C563E45B2BF2BCBD54AE7FB /* Sources */,
				F5E3D98B0F7E4A2BCC66938B /* Resources */,
				DC6AA84F30D3AACE9AD90432 /* Frameworks */,
			);
			buildRules = (
			);
			dependencies = (
			);
			name = Kara;
			packageProductDependencies = (
				CE0ABD2BCAA055698B641876 /* WChatClawSwift */,
			);
			productName = Kara;
			productReference = 1537E6235899A2BA874918A5 /* Kara.app */;
			productType = "com.apple.product-type.application";
		};
/* End PBXNativeTarget section */

/* Begin PBXProject section */
		F2C1984999EA14C0E08A93C4 /* Project object */ = {
			isa = PBXProject;
			attributes = {
				BuildIndependentTargetsInParallel = YES;
				LastUpgradeCheck = 2600;
				TargetAttributes = {
					AC96B7D177B7EEC4EEBF5002 = {
						DevelopmentTeam = YP86S77K2X;
						ProvisioningStyle = Manual;
					};
				};
			};
			buildConfigurationList = 4F9BC1A1E3BC29892E37B99A /* Build configuration list for PBXProject "Kara" */;
			developmentRegion = en;
			hasScannedForEncodings = 0;
			knownRegions = (
				Base,
				en,
			);
			mainGroup = E29E3F595D569019C9FF61A5;
			minimizedProjectReferenceProxies = 1;
			packageReferences = (
				A20BC68312BBE0DBF9C20943 /* XCRemoteSwiftPackageReference "wchat-claw-swfit" */,
			);
			preferredProjectObjectVersion = 77;
			productRefGroup = B60D02519B4010321E6C66CA /* Products */;
			projectDirPath = "";
			projectRoot = "";
			targets = (
				AC96B7D177B7EEC4EEBF5002 /* Kara */,
			);
		};
/* End PBXProject section */

/* Begin PBXResourcesBuildPhase section */
		F5E3D98B0F7E4A2BCC66938B /* Resources */ = {
			isa = PBXResourcesBuildPhase;
			buildActionMask = 2147483647;
			files = (
				C918AF5A47B701F2C710E63F /* Assets.xcassets in Resources */,
			);
			runOnlyForDeploymentPostprocessing = 0;
		};
/* End PBXResourcesBuildPhase section */

/* Begin PBXSourcesBuildPhase section */
		0C563E45B2BF2BCBD54AE7FB /* Sources */ = {
			isa = PBXSourcesBuildPhase;
			buildActionMask = 2147483647;
			files = (
				CD8B2DCC89AAB62C74FF077B /* AIHotkeyController.swift in Sources */,
				1D32192C70FF46ACAF2292BF /* AIIntegrationService.swift in Sources */,
				42138DCFB33E3B491FDE9A82 /* AIToolType.swift in Sources */,
				71F53E66D12771912636BE41 /* CursorCompanionController.swift in Sources */,
				D0AF4829925B6A1B6E105783 /* CursorCompanionModel.swift in Sources */,
				A1F17978A9D5B913B473EFC0 /* CursorCompanionView.swift in Sources */,
				DCDD5A94DF2C73312B61B159 /* IMChannelService.swift in Sources */,
				078DAEFF0953375976F14F2F /* IMPlatformType.swift in Sources */,
				704C4D799F2B715C647E5B40 /* KaraApp.swift in Sources */,
				1E51292A5FF8167DBBE16ABE /* PermissionCoordinator.swift in Sources */,
				FC9CD0877A76018B86D424FB /* ScheduledTaskService.swift in Sources */,
				74944D25BAA6E44748A4D842 /* SettingsPanelView.swift in Sources */,
				C78488DEE0111B61B2030337 /* SpeechTranscriptionService.swift in Sources */,
			);
			runOnlyForDeploymentPostprocessing = 0;
		};
/* End PBXSourcesBuildPhase section */

/* Begin XCBuildConfiguration section */
		16577E668B0871D7C8A0EA63 /* Release */ = {
			isa = XCBuildConfiguration;
			buildSettings = {
				ALWAYS_SEARCH_USER_PATHS = NO;
				CLANG_ANALYZER_NONNULL = YES;
				CLANG_ANALYZER_NUMBER_OBJECT_CONVERSION = YES_AGGRESSIVE;
				CLANG_CXX_LANGUAGE_STANDARD = "gnu++14";
				CLANG_CXX_LIBRARY = "libc++";
				CLANG_ENABLE_MODULES = YES;
				CLANG_ENABLE_OBJC_ARC = YES;
				CLANG_ENABLE_OBJC_WEAK = YES;
				CLANG_WARN_BLOCK_CAPTURE_AUTORELEASING = YES;
				CLANG_WARN_BOOL_CONVERSION = YES;
				CLANG_WARN_COMMA = YES;
				CLANG_WARN_CONSTANT_CONVERSION = YES;
				CLANG_WARN_DEPRECATED_OBJC_IMPLEMENTATIONS = YES;
				CLANG_WARN_DIRECT_OBJC_ISA_USAGE = YES_ERROR;
				CLANG_WARN_DOCUMENTATION_COMMENTS = YES;
				CLANG_WARN_EMPTY_BODY = YES;
				CLANG_WARN_ENUM_CONVERSION = YES;
				CLANG_WARN_INFINITE_RECURSION = YES;
				CLANG_WARN_INT_CONVERSION = YES;
				CLANG_WARN_NON_LITERAL_NULL_CONVERSION = YES;
				CLANG_WARN_OBJC_IMPLICIT_RETAIN_SELF = YES;
				CLANG_WARN_OBJC_LITERAL_CONVERSION = YES;
				CLANG_WARN_OBJC_ROOT_CLASS = YES_ERROR;
				CLANG_WARN_QUOTED_INCLUDE_IN_FRAMEWORK_HEADER = YES;
				CLANG_WARN_RANGE_LOOP_ANALYSIS = YES;
				CLANG_WARN_STRICT_PROTOTYPES = YES;
				CLANG_WARN_SUSPICIOUS_MOVE = YES;
				CLANG_WARN_UNGUARDED_AVAILABILITY = YES_AGGRESSIVE;
				CLANG_WARN_UNREACHABLE_CODE = YES;
				CLANG_WARN__DUPLICATE_METHOD_MATCH = YES;
				COPY_PHASE_STRIP = NO;
				DEBUG_INFORMATION_FORMAT = "dwarf-with-dsym";
				ENABLE_NS_ASSERTIONS = NO;
				ENABLE_STRICT_OBJC_MSGSEND = YES;
				GCC_C_LANGUAGE_STANDARD = gnu11;
				GCC_NO_COMMON_BLOCKS = YES;
				GCC_WARN_64_TO_32_BIT_CONVERSION = YES;
				GCC_WARN_ABOUT_RETURN_TYPE = YES_ERROR;
				GCC_WARN_UNDECLARED_SELECTOR = YES;
				GCC_WARN_UNINITIALIZED_AUTOS = YES_AGGRESSIVE;
				GCC_WARN_UNUSED_FUNCTION = YES;
				GCC_WARN_UNUSED_VARIABLE = YES;
				GENERATE_INFOPLIST_FILE = NO;
				MACOSX_DEPLOYMENT_TARGET = 26.0;
				MTL_ENABLE_DEBUG_INFO = NO;
				MTL_FAST_MATH = YES;
				PRODUCT_NAME = "$(TARGET_NAME)";
				SDKROOT = macosx;
				SWIFT_COMPILATION_MODE = wholemodule;
				SWIFT_OPTIMIZATION_LEVEL = "-O";
				SWIFT_VERSION = 6.0;
			};
			name = Release;
		};
		2BD9FA57A1861E45F4F66880 /* Debug */ = {
			isa = XCBuildConfiguration;
			buildSettings = {
				ALWAYS_SEARCH_USER_PATHS = NO;
				CLANG_ANALYZER_NONNULL = YES;
				CLANG_ANALYZER_NUMBER_OBJECT_CONVERSION = YES_AGGRESSIVE;
				CLANG_CXX_LANGUAGE_STANDARD = "gnu++14";
				CLANG_CXX_LIBRARY = "libc++";
				CLANG_ENABLE_MODULES = YES;
				CLANG_ENABLE_OBJC_ARC = YES;
				CLANG_ENABLE_OBJC_WEAK = YES;
				CLANG_WARN_BLOCK_CAPTURE_AUTORELEASING = YES;
				CLANG_WARN_BOOL_CONVERSION = YES;
				CLANG_WARN_COMMA = YES;
				CLANG_WARN_CONSTANT_CONVERSION = YES;
				CLANG_WARN_DEPRECATED_OBJC_IMPLEMENTATIONS = YES;
				CLANG_WARN_DIRECT_OBJC_ISA_USAGE = YES_ERROR;
				CLANG_WARN_DOCUMENTATION_COMMENTS = YES;
				CLANG_WARN_EMPTY_BODY = YES;
				CLANG_WARN_ENUM_CONVERSION = YES;
				CLANG_WARN_INFINITE_RECURSION = YES;
				CLANG_WARN_INT_CONVERSION = YES;
				CLANG_WARN_NON_LITERAL_NULL_CONVERSION = YES;
				CLANG_WARN_OBJC_IMPLICIT_RETAIN_SELF = YES;
				CLANG_WARN_OBJC_LITERAL_CONVERSION = YES;
				CLANG_WARN_OBJC_ROOT_CLASS = YES_ERROR;
				CLANG_WARN_QUOTED_INCLUDE_IN_FRAMEWORK_HEADER = YES;
				CLANG_WARN_RANGE_LOOP_ANALYSIS = YES;
				CLANG_WARN_STRICT_PROTOTYPES = YES;
				CLANG_WARN_SUSPICIOUS_MOVE = YES;
				CLANG_WARN_UNGUARDED_AVAILABILITY = YES_AGGRESSIVE;
				CLANG_WARN_UNREACHABLE_CODE = YES;
				CLANG_WARN__DUPLICATE_METHOD_MATCH = YES;
				COPY_PHASE_STRIP = NO;
				DEBUG_INFORMATION_FORMAT = dwarf;
				ENABLE_STRICT_OBJC_MSGSEND = YES;
				ENABLE_TESTABILITY = YES;
				GCC_C_LANGUAGE_STANDARD = gnu11;
				GCC_DYNAMIC_NO_PIC = NO;
				GCC_NO_COMMON_BLOCKS = YES;
				GCC_OPTIMIZATION_LEVEL = 0;
				GCC_PREPROCESSOR_DEFINITIONS = (
					"$(inherited)",
					"DEBUG=1",
				);
				GCC_WARN_64_TO_32_BIT_CONVERSION = YES;
				GCC_WARN_ABOUT_RETURN_TYPE = YES_ERROR;
				GCC_WARN_UNDECLARED_SELECTOR = YES;
				GCC_WARN_UNINITIALIZED_AUTOS = YES_AGGRESSIVE;
				GCC_WARN_UNUSED_FUNCTION = YES;
				GCC_WARN_UNUSED_VARIABLE = YES;
				GENERATE_INFOPLIST_FILE = NO;
				MACOSX_DEPLOYMENT_TARGET = 26.0;
				MTL_ENABLE_DEBUG_INFO = INCLUDE_SOURCE;
				MTL_FAST_MATH = YES;
				ONLY_ACTIVE_ARCH = YES;
				PRODUCT_NAME = "$(TARGET_NAME)";
				SDKROOT = macosx;
				SWIFT_ACTIVE_COMPILATION_CONDITIONS = DEBUG;
				SWIFT_OPTIMIZATION_LEVEL = "-Onone";
				SWIFT_VERSION = 6.0;
			};
			name = Debug;
		};
		355679D190527E34763B0BC3 /* Release */ = {
			isa = XCBuildConfiguration;
			buildSettings = {
				ASSETCATALOG_COMPILER_APPICON_NAME = AppIcon;
				CODE_SIGN_ENTITLEMENTS = Kara/Supporting/Kara.entitlements;
				CODE_SIGN_IDENTITY = E04719740CD0DF70E4D0CA1B42ABBD273B4E0F9A;
				CODE_SIGN_STYLE = Manual;
				COMBINE_HIDPI_IMAGES = YES;
				DEVELOPMENT_TEAM = YP86S77K2X;
				ENABLE_PREVIEWS = YES;
				INFOPLIST_FILE = Kara/Supporting/Info.plist;
				LD_RUNPATH_SEARCH_PATHS = (
					"$(inherited)",
					"@executable_path/../Frameworks",
				);
				LSUIElement = YES;
				MACOSX_DEPLOYMENT_TARGET = 26.0;
				PRODUCT_BUNDLE_IDENTIFIER = com.kara.Kara;
				PRODUCT_NAME = Kara;
				SDKROOT = macosx;
			};
			name = Release;
		};
		443EDB6DDE02AD036E65427E /* Debug */ = {
			isa = XCBuildConfiguration;
			buildSettings = {
				ASSETCATALOG_COMPILER_APPICON_NAME = AppIcon;
				CODE_SIGN_ENTITLEMENTS = Kara/Supporting/Kara.entitlements;
				CODE_SIGN_IDENTITY = E04719740CD0DF70E4D0CA1B42ABBD273B4E0F9A;
				CODE_SIGN_STYLE = Manual;
				COMBINE_HIDPI_IMAGES = YES;
				DEVELOPMENT_TEAM = YP86S77K2X;
				ENABLE_PREVIEWS = YES;
				INFOPLIST_FILE = Kara/Supporting/Info.plist;
				LD_RUNPATH_SEARCH_PATHS = (
					"$(inherited)",
					"@executable_path/../Frameworks",
				);
				LSUIElement = YES;
				MACOSX_DEPLOYMENT_TARGET = 26.0;
				PRODUCT_BUNDLE_IDENTIFIER = com.kara.Kara;
				PRODUCT_NAME = Kara;
				SDKROOT = macosx;
			};
			name = Debug;
		};
/* End XCBuildConfiguration section */

/* Begin XCConfigurationList section */
		1AB9B814C1B6458097788CC2 /* Build configuration list for PBXNativeTarget "Kara" */ = {
			isa = XCConfigurationList;
			buildConfigurations = (
				443EDB6DDE02AD036E65427E /* Debug */,
				355679D190527E34763B0BC3 /* Release */,
			);
			defaultConfigurationIsVisible = 0;
			defaultConfigurationName = Debug;
		};
		4F9BC1A1E3BC29892E37B99A /* Build configuration list for PBXProject "Kara" */ = {
			isa = XCConfigurationList;
			buildConfigurations = (
				2BD9FA57A1861E45F4F66880 /* Debug */,
				16577E668B0871D7C8A0EA63 /* Release */,
			);
			defaultConfigurationIsVisible = 0;
			defaultConfigurationName = Debug;
		};
/* End XCConfigurationList section */

/* Begin XCRemoteSwiftPackageReference section */
		A20BC68312BBE0DBF9C20943 /* XCRemoteSwiftPackageReference "wchat-claw-swfit" */ = {
			isa = XCRemoteSwiftPackageReference;
			repositoryURL = "https://github.com/section9-lab/wchat-claw-swfit.git";
			requirement = {
				branch = main;
				kind = branch;
			};
		};
/* End XCRemoteSwiftPackageReference section */

/* Begin XCSwiftPackageProductDependency section */
		CE0ABD2BCAA055698B641876 /* WChatClawSwift */ = {
			isa = XCSwiftPackageProductDependency;
			package = A20BC68312BBE0DBF9C20943 /* XCRemoteSwiftPackageReference "wchat-claw-swfit" */;
			productName = WChatClawSwift;
		};
/* End XCSwiftPackageProductDependency section */
	};
	rootObject = F2C1984999EA14C0E08A93C4 /* Project object */;
}
